# This file is automatically @generated by Cargo.
# It is not intended for manual editing.
version = 4

[[package]]
name = "application_core"
version = "0.1.0"

[[package]]
name = "mesocycle_builder"
version = "0.1.0"
dependencies = [
 "application_core",
]

[[package]]
name = "workout_tracker"
version = "0.1.0"
dependencies = [
 "application_core",
]
